// !$*UTF8*$!
{
	archiveVersion = 1;
	classes = {
	};
	objectVersion = 50;
	objects = {

/* Begin PBXBuildFile section */
		0F8691CE23D012BF007E302B /* AppDelegate.m in Sources */ = {isa = PBXBuildFile; fileRef = 0F8691CD23D012BF007E302B /* AppDelegate.m */; };
		0F8691D123D012BF007E302B /* SceneDelegate.m in Sources */ = {isa = PBXBuildFile; fileRef = 0F8691D023D012BF007E302B /* SceneDelegate.m */; };
		0F8691D423D012BF007E302B /* ViewController.m in Sources */ = {isa = PBXBuildFile; fileRef = 0F8691D323D012BF007E302B /* ViewController.m */; };
		0F8691D723D012BF007E302B /* Main.storyboard in Resources */ = {isa = PBXBuildFile; fileRef = 0F8691D523D012BF007E302B /* Main.storyboard */; };
		0F8691DA23D012BF007E302B /* KSPageView.xcdatamodeld in Sources */ = {isa = PBXBuildFile; fileRef = 0F8691D823D012BF007E302B /* KSPageView.xcdatamodeld */; };
		0F8691DC23D012C1007E302B /* Assets.xcassets in Resources */ = {isa = PBXBuildFile; fileRef = 0F8691DB23D012C1007E302B /* Assets.xcassets */; };
		0F8691DF23D012C1007E302B /* LaunchScreen.storyboard in Resources */ = {isa = PBXBuildFile; fileRef = 0F8691DD23D012C1007E302B /* LaunchScreen.storyboard */; };
		0F8691E223D012C1007E302B /* main.m in Sources */ = {isa = PBXBuildFile; fileRef = 0F8691E123D012C1007E302B /* main.m */; };
		0F8691EC23D012C1007E302B /* KSPageViewTests.m in Sources */ = {isa = PBXBuildFile; fileRef = 0F8691EB23D012C1007E302B /* KSPageViewTests.m */; };
		0F8691F723D012C1007E302B /* KSPageViewUITests.m in Sources */ = {isa = PBXBuildFile; fileRef = 0F8691F623D012C1007E302B /* KSPageViewUITests.m */; };
/* End PBXBuildFile section */

/* Begin PBXContainerItemProxy section */
		0F8691E823D012C1007E302B /* PBXContainerItemProxy */ = {
			isa = PBXContainerItemProxy;
			containerPortal = 0F8691C123D012BF007E302B /* Project object */;
			proxyType = 1;
			remoteGlobalIDString = 0F8691C823D012BF007E302B;
			remoteInfo = KSPageView;
		};
		0F8691F323D012C1007E302B /* PBXContainerItemProxy */ = {
			isa = PBXContainerItemProxy;
			containerPortal = 0F8691C123D012BF007E302B /* Project object */;
			proxyType = 1;
			remoteGlobalIDString = 0F8691C823D012BF007E302B;
			remoteInfo = KSPageView;
		};
/* End PBXContainerItemProxy section */

/* Begin PBXFileReference section */
		0F8691C923D012BF007E302B /* KSPageView.app */ = {isa = PBXFileReference; explicitFileType = wrapper.application; includeInIndex = 0; path = KSPageView.app; sourceTree = BUILT_PRODUCTS_DIR; };
		0F8691CC23D012BF007E302B /* AppDelegate.h */ = {isa = PBXFileReference; lastKnownFileType = sourcecode.c.h; path = AppDelegate.h; sourceTree = "<group>"; };
		0F8691CD23D012BF007E302B /* AppDelegate.m */ = {isa = PBXFileReference; lastKnownFileType = sourcecode.c.objc; path = AppDelegate.m; sourceTree = "<group>"; };
		0F8691CF23D012BF007E302B /* SceneDelegate.h */ = {isa = PBXFileReference; lastKnownFileType = sourcecode.c.h; path = SceneDelegate.h; sourceTree = "<group>"; };
		0F8691D023D012BF007E302B /* SceneDelegate.m */ = {isa = PBXFileReference; lastKnownFileType = sourcecode.c.objc; path = SceneDelegate.m; sourceTree = "<group>"; };
		0F8691D223D012BF007E302B /* ViewController.h */ = {isa = PBXFileReference; lastKnownFileType = sourcecode.c.h; path = ViewController.h; sourceTree = "<group>"; };
		0F8691D323D012BF007E302B /* ViewController.m */ = {isa = PBXFileReference; lastKnownFileType = sourcecode.c.objc; path = ViewController.m; sourceTree = "<group>"; };
		0F8691D623D012BF007E302B /* Base */ = {isa = PBXFileReference; lastKnownFileType = file.storyboard; name = Base; path = Base.lproj/Main.storyboard; sourceTree = "<group>"; };
		0F8691D923D012BF007E302B /* KSPageView.xcdatamodel */ = {isa = PBXFileReference; lastKnownFileType = wrapper.xcdatamodel; path = KSPageView.xcdatamodel; sourceTree = "<group>"; };
		0F8691DB23D012C1007E302B /* Assets.xcassets */ = {isa = PBXFileReference; lastKnownFileType = folder.assetcatalog; path = Assets.xcassets; sourceTree = "<group>"; };
		0F8691DE23D012C1007E302B /* Base */ = {isa = PBXFileReference; lastKnownFileType = file.storyboard; name = Base; path = Base.lproj/LaunchScreen.storyboard; sourceTree = "<group>"; };
		0F8691E023D012C1007E302B /* Info.plist */ = {isa = PBXFileReference; lastKnownFileType = text.plist.xml; path = Info.plist; sourceTree = "<group>"; };
		0F8691E123D012C1007E302B /* main.m */ = {isa = PBXFileReference; lastKnownFileType = sourcecode.c.objc; path = main.m; sourceTree = "<group>"; };
		0F8691E723D012C1007E302B /* KSPageViewTests.xctest */ = {isa = PBXFileReference; explicitFileType = wrapper.cfbundle; includeInIndex = 0; path = KSPageViewTests.xctest; sourceTree = BUILT_PRODUCTS_DIR; };
		0F8691EB23D012C1007E302B /* KSPageViewTests.m */ = {isa = PBXFileReference; lastKnownFileType = sourcecode.c.objc; path = KSPageViewTests.m; sourceTree = "<group>"; };
		0F8691ED23D012C1007E302B /* Info.plist */ = {isa = PBXFileReference; lastKnownFileType = text.plist.xml; path = Info.plist; sourceTree = "<group>"; };
		0F8691F223D012C1007E302B /* KSPageViewUITests.xctest */ = {isa = PBXFileReference; explicitFileType = wrapper.cfbundle; includeInIndex = 0; path = KSPageViewUITests.xctest; sourceTree = BUILT_PRODUCTS_DIR; };
		0F8691F623D012C1007E302B /* KSPageViewUITests.m */ = {isa = PBXFileReference; lastKnownFileType = sourcecode.c.objc; path = KSPageViewUITests.m; sourceTree = "<group>"; };
		0F8691F823D012C1007E302B /* Info.plist */ = {isa = PBXFileReference; lastKnownFileType = text.plist.xml; path = Info.plist; sourceTree = "<group>"; };
/* End PBXFileReference section */

/* Begin PBXFrameworksBuildPhase section */
		0F8691C623D012BF007E302B /* Frameworks */ = {
			isa = PBXFrameworksBuildPhase;
			buildActionMask = 2147483647;
			files = (
			);
			runOnlyForDeploymentPostprocessing = 0;
		};
		0F8691E423D012C1007E302B /* Frameworks */ = {
			isa = PBXFrameworksBuildPhase;
			buildActionMask = 2147483647;
			files = (
			);
			runOnlyForDeploymentPostprocessing = 0;
		};
		0F8691EF23D012C1007E302B /* Frameworks */ = {
			isa = PBXFrameworksBuildPhase;
			buildActionMask = 2147483647;
			files = (
			);
			runOnlyForDeploymentPostprocessing = 0;
		};
/* End PBXFrameworksBuildPhase section */

/* Begin PBXGroup section */
		0F8691C023D012BF007E302B = {
			isa = PBXGroup;
			children = (
				0F8691CB23D012BF007E302B /* KSPageView */,
				0F8691EA23D012C1007E302B /* KSPageViewTests */,
				0F8691F523D012C1007E302B /* KSPageViewUITests */,
				0F8691CA23D012BF007E302B /* Products */,
			);
			sourceTree = "<group>";
		};
		0F8691CA23D012BF007E302B /* Products */ = {
			isa = PBXGroup;
			children = (
				0F8691C923D012BF007E302B /* KSPageView.app */,
				0F8691E723D012C1007E302B /* KSPageViewTests.xctest */,
				0F8691F223D012C1007E302B /* KSPageViewUITests.xctest */,
			);
			name = Products;
			sourceTree = "<group>";
		};
		0F8691CB23D012BF007E302B /* KSPageView */ = {
			isa = PBXGroup;
			children = (
				0F8691CC23D012BF007E302B /* AppDelegate.h */,
				0F8691CD23D012BF007E302B /* AppDelegate.m */,
				0F8691CF23D012BF007E302B /* SceneDelegate.h */,
				0F8691D023D012BF007E302B /* SceneDelegate.m */,
				0F8691D223D012BF007E302B /* ViewController.h */,
				0F8691D323D012BF007E302B /* ViewController.m */,
				0F8691D523D012BF007E302B /* Main.storyboard */,
				0F8691DB23D012C1007E302B /* Assets.xcassets */,
				0F8691DD23D012C1007E302B /* LaunchScreen.storyboard */,
				0F8691E023D012C1007E302B /* Info.plist */,
				0F8691E123D012C1007E302B /* main.m */,
				0F8691D823D012BF007E302B /* KSPageView.xcdatamodeld */,
			);
			path = KSPageView;
			sourceTree = "<group>";
		};
		0F8691EA23D012C1007E302B /* KSPageViewTests */ = {
			isa = PBXGroup;
			children = (
				0F8691EB23D012C1007E302B /* KSPageViewTests.m */,
				0F8691ED23D012C1007E302B /* Info.plist */,
			);
			path = KSPageViewTests;
			sourceTree = "<group>";
		};
		0F8691F523D012C1007E302B /* KSPageViewUITests */ = {
			isa = PBXGroup;
			children = (
				0F8691F623D012C1007E302B /* KSPageViewUITests.m */,
				0F8691F823D012C1007E302B /* Info.plist */,
			);
			path = KSPageViewUITests;
			sourceTree = "<group>";
		};
/* End PBXGroup section */

/* Begin PBXNativeTarget section */
		0F8691C823D012BF007E302B /* KSPageView */ = {
			isa = PBXNativeTarget;
			buildConfigurationList = 0F8691FB23D012C1007E302B /* Build configuration list for PBXNativeTarget "KSPageView" */;
			buildPhases = (
				0F8691C523D012BF007E302B /* Sources */,
				0F8691C623D012BF007E302B /* Frameworks */,
				0F8691C723D012BF007E302B /* Resources */,
			);
			buildRules = (
			);
			dependencies = (
			);
			name = KSPageView;
			productName = KSPageView;
			productReference = 0F8691C923D012BF007E302B /* KSPageView.app */;
			productType = "com.apple.product-type.application";
		};
		0F8691E623D012C1007E302B /* KSPageViewTests */ = {
			isa = PBXNativeTarget;
			buildConfigurationList = 0F8691FE23D012C1007E302B /* Build configuration list for PBXNativeTarget "KSPageViewTests" */;
			buildPhases = (
				0F8691E323D012C1007E302B /* Sources */,
				0F8691E423D012C1007E302B /* Frameworks */,
				0F8691E523D012C1007E302B /* Resources */,
			);
			buildRules = (
			);
			dependencies = (
				0F8691E923D012C1007E302B /* PBXTargetDependency */,
			);
			name = KSPageViewTests;
			productName = KSPageViewTests;
			productReference = 0F8691E723D012C1007E302B /* KSPageViewTests.xctest */;
			productType = "com.apple.product-type.bundle.unit-test";
		};
		0F8691F123D012C1007E302B /* KSPageViewUITests */ = {
			isa = PBXNativeTarget;
			buildConfigurationList = 0F86920123D012C1007E302B /* Build configuration list for PBXNativeTarget "KSPageViewUITests" */;
			buildPhases = (
				0F8691EE23D012C1007E302B /* Sources */,
				0F8691EF23D012C1007E302B /* Frameworks */,
				0F8691F023D012C1007E302B /* Resources */,
			);
			buildRules = (
			);
			dependencies = (
				0F8691F423D012C1007E302B /* PBXTargetDependency */,
			);
			name = KSPageViewUITests;
			productName = KSPageViewUITests;
			productReference = 0F8691F223D012C1007E302B /* KSPageViewUITests.xctest */;
			productType = "com.apple.product-type.bundle.ui-testing";
		};
/* End PBXNativeTarget section */

/* Begin PBXProject section */
		0F8691C123D012BF007E302B /* Project object */ = {
			isa = PBXProject;
			attributes = {
				LastUpgradeCheck = 1130;
				ORGANIZATIONNAME = "范云飞";
				TargetAttributes = {
					0F8691C823D012BF007E302B = {
						CreatedOnToolsVersion = 11.3.1;
					};
					0F8691E623D012C1007E302B = {
						CreatedOnToolsVersion = 11.3.1;
						TestTargetID = 0F8691C823D012BF007E302B;
					};
					0F8691F123D012C1007E302B = {
						CreatedOnToolsVersion = 11.3.1;
						TestTargetID = 0F8691C823D012BF007E302B;
					};
				};
			};
			buildConfigurationList = 0F8691C423D012BF007E302B /* Build configuration list for PBXProject "KSPageView" */;
			compatibilityVersion = "Xcode 9.3";
			developmentRegion = en;
			hasScannedForEncodings = 0;
			knownRegions = (
				en,
				Base,
			);
			mainGroup = 0F8691C023D012BF007E302B;
			productRefGroup = 0F8691CA23D012BF007E302B /* Products */;
			projectDirPath = "";
			projectRoot = "";
			targets = (
				0F8691C823D012BF007E302B /* KSPageView */,
				0F8691E623D012C1007E302B /* KSPageViewTests */,
				0F8691F123D012C1007E302B /* KSPageViewUITests */,
			);
		};
/* End PBXProject section */

/* Begin PBXResourcesBuildPhase section */
		0F8691C723D012BF007E302B /* Resources */ = {
			isa = PBXResourcesBuildPhase;
			buildActionMask = 2147483647;
			files = (
				0F8691DF23D012C1007E302B /* LaunchScreen.storyboard in Resources */,
				0F8691DC23D012C1007E302B /* Assets.xcassets in Resources */,
				0F8691D723D012BF007E302B /* Main.storyboard in Resources */,
			);
			runOnlyForDeploymentPostprocessing = 0;
		};
		0F8691E523D012C1007E302B /* Resources */ = {
			isa = PBXResourcesBuildPhase;
			buildActionMask = 2147483647;
			files = (
			);
			runOnlyForDeploymentPostprocessing = 0;
		};
		0F8691F023D012C1007E302B /* Resources */ = {
			isa = PBXResourcesBuildPhase;
			buildActionMask = 2147483647;
			files = (
			);
			runOnlyForDeploymentPostprocessing = 0;
		};
/* End PBXResourcesBuildPhase section */

/* Begin PBXSourcesBuildPhase section */
		0F8691C523D012BF007E302B /* Sources */ = {
			isa = PBXSourcesBuildPhase;
			buildActionMask = 2147483647;
			files = (
				0F8691E223D012C1007E302B /* main.m in Sources */,
				0F8691D423D012BF007E302B /* ViewController.m in Sources */,
				0F8691DA23D012BF007E302B /* KSPageView.xcdatamodeld in Sources */,
				0F8691CE23D012BF007E302B /* AppDelegate.m in Sources */,
				0F8691D123D012BF007E302B /* SceneDelegate.m in Sources */,
			);
			runOnlyForDeploymentPostprocessing = 0;
		};
		0F8691E323D012C1007E302B /* Sources */ = {
			isa = PBXSourcesBuildPhase;
			buildActionMask = 2147483647;
			files = (
				0F8691EC23D012C1007E302B /* KSPageViewTests.m in Sources */,
			);
			runOnlyForDeploymentPostprocessing = 0;
		};
		0F8691EE23D012C1007E302B /* Sources */ = {
			isa = PBXSourcesBuildPhase;
			buildActionMask = 2147483647;
			files = (
				0F8691F723D012C1007E302B /* KSPageViewUITests.m in Sources */,
			);
			runOnlyForDeploymentPostprocessing = 0;
		};
/* End PBXSourcesBuildPhase section */

/* Begin PBXTargetDependency section */
		0F8691E923D012C1007E302B /* PBXTargetDependency */ = {
			isa = PBXTargetDependency;
			target = 0F8691C823D012BF007E302B /* KSPageView */;
			targetProxy = 0F8691E823D012C1007E302B /* PBXContainerItemProxy */;
		};
		0F8691F423D012C1007E302B /* PBXTargetDependency */ = {
			isa = PBXTargetDependency;
			target = 0F8691C823D012BF007E302B /* KSPageView */;
			targetProxy = 0F8691F323D012C1007E302B /* PBXContainerItemProxy */;
		};
/* End PBXTargetDependency section */

/* Begin PBXVariantGroup section */
		0F8691D523D012BF007E302B /* Main.storyboard */ = {
			isa = PBXVariantGroup;
			children = (
				0F8691D623D012BF007E302B /* Base */,
			);
			name = Main.storyboard;
			sourceTree = "<group>";
		};
		0F8691DD23D012C1007E302B /* LaunchScreen.storyboard */ = {
			isa = PBXVariantGroup;
			children = (
				0F8691DE23D012C1007E302B /* Base */,
			);
			name = LaunchScreen.storyboard;
			sourceTree = "<group>";
		};
/* End PBXVariantGroup section */

/* Begin XCBuildConfiguration section */
		0F8691F923D012C1007E302B /* Debug */ = {
			isa = XCBuildConfiguration;
			buildSettings = {
				ALWAYS_SEARCH_USER_PATHS = NO;
				CLANG_ANALYZER_NONNULL = YES;
				CLANG_ANALYZER_NUMBER_OBJECT_CONVERSION = YES_AGGRESSIVE;
				CLANG_CXX_LANGUAGE_STANDARD = "gnu++14";
				CLANG_CXX_LIBRARY = "libc++";
				CLANG_ENABLE_MODULES = YES;
				CLANG_ENABLE_OBJC_ARC = YES;
				CLANG_ENABLE_OBJC_WEAK = YES;
				CLANG_WARN_BLOCK_CAPTURE_AUTORELEASING = YES;
				CLANG_WARN_BOOL_CONVERSION = YES;
				CLANG_WARN_COMMA = YES;
				CLANG_WARN_CONSTANT_CONVERSION = YES;
				CLANG_WARN_DEPRECATED_OBJC_IMPLEMENTATIONS = YES;
				CLANG_WARN_DIRECT_OBJC_ISA_USAGE = YES_ERROR;
				CLANG_WARN_DOCUMENTATION_COMMENTS = YES;
				CLANG_WARN_EMPTY_BODY = YES;
				CLANG_WARN_ENUM_CONVERSION = YES;
				CLANG_WARN_INFINITE_RECURSION = YES;
				CLANG_WARN_INT_CONVERSION = YES;
				CLANG_WARN_NON_LITERAL_NULL_CONVERSION = YES;
				CLANG_WARN_OBJC_IMPLICIT_RETAIN_SELF = YES;
				CLANG_WARN_OBJC_LITERAL_CONVERSION = YES;
				CLANG_WARN_OBJC_ROOT_CLASS = YES_ERROR;
				CLANG_WARN_RANGE_LOOP_ANALYSIS = YES;
				CLANG_WARN_STRICT_PROTOTYPES = YES;
				CLANG_WARN_SUSPICIOUS_MOVE = YES;
				CLANG_WARN_UNGUARDED_AVAILABILITY = YES_AGGRESSIVE;
				CLANG_WARN_UNREACHABLE_CODE = YES;
				CLANG_WARN__DUPLICATE_METHOD_MATCH = YES;
				COPY_PHASE_STRIP = NO;
				DEBUG_INFORMATION_FORMAT = dwarf;
				ENABLE_STRICT_OBJC_MSGSEND = YES;
				ENABLE_TESTABILITY = YES;
				GCC_C_LANGUAGE_STANDARD = gnu11;
				GCC_DYNAMIC_NO_PIC = NO;
				GCC_NO_COMMON_BLOCKS = YES;
				GCC_OPTIMIZATION_LEVEL = 0;
				GCC_PREPROCESSOR_DEFINITIONS = (
					"DEBUG=1",
					"$(inherited)",
				);
				GCC_WARN_64_TO_32_BIT_CONVERSION = YES;
				GCC_WARN_ABOUT_RETURN_TYPE = YES_ERROR;
				GCC_WARN_UNDECLARED_SELECTOR = YES;
				GCC_WARN_UNINITIALIZED_AUTOS = YES_AGGRESSIVE;
				GCC_WARN_UNUSED_FUNCTION = YES;
				GCC_WARN_UNUSED_VARIABLE = YES;
				IPHONEOS_DEPLOYMENT_TARGET = 13.2;
				MTL_ENABLE_DEBUG_INFO = INCLUDE_SOURCE;
				MTL_FAST_MATH = YES;
				ONLY_ACTIVE_ARCH = YES;
				SDKROOT = iphoneos;
			};
			name = Debug;
		};
		0F8691FA23D012C1007E302B /* Release */ = {
			isa = XCBuildConfiguration;
			buildSettings = {
				ALWAYS_SEARCH_USER_PATHS = NO;
				CLANG_ANALYZER_NONNULL = YES;
				CLANG_ANALYZER_NUMBER_OBJECT_CONVERSION = YES_AGGRESSIVE;
				CLANG_CXX_LANGUAGE_STANDARD = "gnu++14";
				CLANG_CXX_LIBRARY = "libc++";
				CLANG_ENABLE_MODULES = YES;
				CLANG_ENABLE_OBJC_ARC = YES;
				CLANG_ENABLE_OBJC_WEAK = YES;
				CLANG_WARN_BLOCK_CAPTURE_AUTORELEASING = YES;
				CLANG_WARN_BOOL_CONVERSION = YES;
				CLANG_WARN_COMMA = YES;
				CLANG_WARN_CONSTANT_CONVERSION = YES;
				CLANG_WARN_DEPRECATED_OBJC_IMPLEMENTATIONS = YES;
				CLANG_WARN_DIRECT_OBJC_ISA_USAGE = YES_ERROR;
				CLANG_WARN_DOCUMENTATION_COMMENTS = YES;
				CLANG_WARN_EMPTY_BODY = YES;
				CLANG_WARN_ENUM_CONVERSION = YES;
				CLANG_WARN_INFINITE_RECURSION = YES;
				CLANG_WARN_INT_CONVERSION = YES;
				CLANG_WARN_NON_LITERAL_NULL_CONVERSION = YES;
				CLANG_WARN_OBJC_IMPLICIT_RETAIN_SELF = YES;
				CLANG_WARN_OBJC_LITERAL_CONVERSION = YES;
				CLANG_WARN_OBJC_ROOT_CLASS = YES_ERROR;
				CLANG_WARN_RANGE_LOOP_ANALYSIS = YES;
				CLANG_WARN_STRICT_PROTOTYPES = YES;
				CLANG_WARN_SUSPICIOUS_MOVE = YES;
				CLANG_WARN_UNGUARDED_AVAILABILITY = YES_AGGRESSIVE;
				CLANG_WARN_UNREACHABLE_CODE = YES;
				CLANG_WARN__DUPLICATE_METHOD_MATCH = YES;
				COPY_PHASE_STRIP = NO;
				DEBUG_INFORMATION_FORMAT = "dwarf-with-dsym";
				ENABLE_NS_ASSERTIONS = NO;
				ENABLE_STRICT_OBJC_MSGSEND = YES;
				GCC_C_LANGUAGE_STANDARD = gnu11;
				GCC_NO_COMMON_BLOCKS = YES;
				GCC_WARN_64_TO_32_BIT_CONVERSION = YES;
				GCC_WARN_ABOUT_RETURN_TYPE = YES_ERROR;
				GCC_WARN_UNDECLARED_SELECTOR = YES;
				GCC_WARN_UNINITIALIZED_AUTOS = YES_AGGRESSIVE;
				GCC_WARN_UNUSED_FUNCTION = YES;
				GCC_WARN_UNUSED_VARIABLE = YES;
				IPHONEOS_DEPLOYMENT_TARGET = 13.2;
				MTL_ENABLE_DEBUG_INFO = NO;
				MTL_FAST_MATH = YES;
				SDKROOT = iphoneos;
				VALIDATE_PRODUCT = YES;
			};
			name = Release;
		};
		0F8691FC23D012C1007E302B /* Debug */ = {
			isa = XCBuildConfiguration;
			buildSettings = {
				ASSETCATALOG_COMPILER_APPICON_NAME = AppIcon;
				CODE_SIGN_STYLE = Automatic;
				DEVELOPMENT_TEAM = 4H33EPS92X;
				INFOPLIST_FILE = KSPageView/Info.plist;
				LD_RUNPATH_SEARCH_PATHS = (
					"$(inherited)",
					"@executable_path/Frameworks",
				);
				PRODUCT_BUNDLE_IDENTIFIER = cn.com.ksPageView.KSPageView;
				PRODUCT_NAME = "$(TARGET_NAME)";
				TARGETED_DEVICE_FAMILY = "1,2";
			};
			name = Debug;
		};
		0F8691FD23D012C1007E302B /* Release */ = {
			isa = XCBuildConfiguration;
			buildSettings = {
				ASSETCATALOG_COMPILER_APPICON_NAME = AppIcon;
				CODE_SIGN_STYLE = Automatic;
				DEVELOPMENT_TEAM = 4H33EPS92X;
				INFOPLIST_FILE = KSPageView/Info.plist;
				LD_RUNPATH_SEARCH_PATHS = (
					"$(inherited)",
					"@executable_path/Frameworks",
				);
				PRODUCT_BUNDLE_IDENTIFIER = cn.com.ksPageView.KSPageView;
				PRODUCT_NAME = "$(TARGET_NAME)";
				TARGETED_DEVICE_FAMILY = "1,2";
			};
			name = Release;
		};
		0F8691FF23D012C1007E302B /* Debug */ = {
			isa = XCBuildConfiguration;
			buildSettings = {
				BUNDLE_LOADER = "$(TEST_HOST)";
				CODE_SIGN_STYLE = Automatic;
				DEVELOPMENT_TEAM = 4H33EPS92X;
				INFOPLIST_FILE = KSPageViewTests/Info.plist;
				IPHONEOS_DEPLOYMENT_TARGET = 13.2;
				LD_RUNPATH_SEARCH_PATHS = (
					"$(inherited)",
					"@executable_path/Frameworks",
					"@loader_path/Frameworks",
				);
				PRODUCT_BUNDLE_IDENTIFIER = cn.com.ksPageView.KSPageViewTests;
				PRODUCT_NAME = "$(TARGET_NAME)";
				TARGETED_DEVICE_FAMILY = "1,2";
				TEST_HOST = "$(BUILT_PRODUCTS_DIR)/KSPageView.app/KSPageView";
			};
			name = Debug;
		};
		0F86920023D012C1007E302B /* Release */ = {
			isa = XCBuildConfiguration;
			buildSettings = {
				BUNDLE_LOADER = "$(TEST_HOST)";
				CODE_SIGN_STYLE = Automatic;
				DEVELOPMENT_TEAM = 4H33EPS92X;
				INFOPLIST_FILE = KSPageViewTests/Info.plist;
				IPHONEOS_DEPLOYMENT_TARGET = 13.2;
				LD_RUNPATH_SEARCH_PATHS = (
					"$(inherited)",
					"@executable_path/Frameworks",
					"@loader_path/Frameworks",
				);
				PRODUCT_BUNDLE_IDENTIFIER = cn.com.ksPageView.KSPageViewTests;
				PRODUCT_NAME = "$(TARGET_NAME)";
				TARGETED_DEVICE_FAMILY = "1,2";
				TEST_HOST = "$(BUILT_PRODUCTS_DIR)/KSPageView.app/KSPageView";
			};
			name = Release;
		};
		0F86920223D012C1007E302B /* Debug */ = {
			isa = XCBuildConfiguration;
			buildSettings = {
				CODE_SIGN_STYLE = Automatic;
				DEVELOPMENT_TEAM = 4H33EPS92X;
				INFOPLIST_FILE = KSPageViewUITests/Info.plist;
				LD_RUNPATH_SEARCH_PATHS = (
					"$(inherited)",
					"@executable_path/Frameworks",
					"@loader_path/Frameworks",
				);
				PRODUCT_BUNDLE_IDENTIFIER = cn.com.ksPageView.KSPageViewUITests;
				PRODUCT_NAME = "$(TARGET_NAME)";
				TARGETED_DEVICE_FAMILY = "1,2";
				TEST_TARGET_NAME = KSPageView;
			};
			name = Debug;
		};
		0F86920323D012C1007E302B /* Release */ = {
			isa = XCBuildConfiguration;
			buildSettings = {
				CODE_SIGN_STYLE = Automatic;
				DEVELOPMENT_TEAM = 4H33EPS92X;
				INFOPLIST_FILE = KSPageViewUITests/Info.plist;
				LD_RUNPATH_SEARCH_PATHS = (
					"$(inherited)",
					"@executable_path/Frameworks",
					"@loader_path/Frameworks",
				);
				PRODUCT_BUNDLE_IDENTIFIER = cn.com.ksPageView.KSPageViewUITests;
				PRODUCT_NAME = "$(TARGET_NAME)";
				TARGETED_DEVICE_FAMILY = "1,2";
				TEST_TARGET_NAME = KSPageView;
			};
			name = Release;
		};
/* End XCBuildConfiguration section */

/* Begin XCConfigurationList section */
		0F8691C423D012BF007E302B /* Build configuration list for PBXProject "KSPageView" */ = {
			isa = XCConfigurationList;
			buildConfigurations = (
				0F8691F923D012C1007E302B /* Debug */,
				0F8691FA23D012C1007E302B /* Release */,
			);
			defaultConfigurationIsVisible = 0;
			defaultConfigurationName = Release;
		};
		0F8691FB23D012C1007E302B /* Build configuration list for PBXNativeTarget "KSPageView" */ = {
			isa = XCConfigurationList;
			buildConfigurations = (
				0F8691FC23D012C1007E302B /* Debug */,
				0F8691FD23D012C1007E302B /* Release */,
			);
			defaultConfigurationIsVisible = 0;
			defaultConfigurationName = Release;
		};
		0F8691FE23D012C1007E302B /* Build configuration list for PBXNativeTarget "KSPageViewTests" */ = {
			isa = XCConfigurationList;
			buildConfigurations = (
				0F8691FF23D012C1007E302B /* Debug */,
				0F86920023D012C1007E302B /* Release */,
			);
			defaultConfigurationIsVisible = 0;
			defaultConfigurationName = Release;
		};
		0F86920123D012C1007E302B /* Build configuration list for PBXNativeTarget "KSPageViewUITests" */ = {
			isa = XCConfigurationList;
			buildConfigurations = (
				0F86920223D012C1007E302B /* Debug */,
				0F86920323D012C1007E302B /* Release */,
			);
			defaultConfigurationIsVisible = 0;
			defaultConfigurationName = Release;
		};
/* End XCConfigurationList section */

/* Begin XCVersionGroup section */
		0F8691D823D012BF007E302B /* KSPageView.xcdatamodeld */ = {
			isa = XCVersionGroup;
			children = (
				0F8691D923D012BF007E302B /* KSPageView.xcdatamodel */,
			);
			currentVersion = 0F8691D923D012BF007E302B /* KSPageView.xcdatamodel */;
			path = KSPageView.xcdatamodeld;
			sourceTree = "<group>";
			versionGroupType = wrapper.xcdatamodel;
		};
/* End XCVersionGroup section */
	};
	rootObject = 0F8691C123D012BF007E302B /* Project object */;
}
